
Microsoft Visual Studio Solution File, Format Version 12.00
# Visual Studio Version 16
VisualStudioVersion = 16.0.30517.126
MinimumVisualStudioVersion = 10.0.40219.1
Project("{FAE04EC0-301F-11D3-BF4B-00C04F79EFBC}") = "BooLeanLogicalOperators", "BooLeanLogicalOperators\BooLeanLogicalOperators.csproj", "{99A023F4-3AB3-4CE2-ADF2-FB5526852BDB}"
EndProject
Project("{FAE04EC0-301F-11D3-BF4B-00C04F79EFBC}") = "Login", "Login\Login.csproj", "{3BF83956-78DA-471D-9771-ED747502509B}"
EndProject
Global
	GlobalSection(SolutionConfigurationPlatforms) = preSolution
		Debug|Any CPU = Debug|Any CPU
		Release|Any CPU = Release|Any CPU
	EndGlobalSection
	GlobalSection(ProjectConfigurationPlatforms) = postSolution
		{99A023F4-3AB3-4CE2-ADF2-FB5526852BDB}.Debug|Any CPU.ActiveCfg = Debug|Any CPU
		{99A023F4-3AB3-4CE2-ADF2-FB5526852BDB}.Debug|Any CPU.Build.0 = Debug|Any CPU
		{99A023F4-3AB3-4CE2-ADF2-FB5526852BDB}.Release|Any CPU.ActiveCfg = Release|Any CPU
		{99A023F4-3AB3-4CE2-ADF2-FB5526852BDB}.Release|Any CPU.Build.0 = Release|Any CPU
		{3BF83956-78DA-471D-9771-ED747502509B}.Debug|Any CPU.ActiveCfg = Debug|Any CPU
		{3BF83956-78DA-471D-9771-ED747502509B}.Debug|Any CPU.Build.0 = Debug|Any CPU
		{3BF83956-78DA-471D-9771-ED747502509B}.Release|Any CPU.ActiveCfg = Release|Any CPU
		{3BF83956-78DA-471D-9771-ED747502509B}.Release|Any CPU.Build.0 = Release|Any CPU
	EndGlobalSection
	GlobalSection(SolutionProperties) = preSolution
		HideSolutionNode = FALSE
	EndGlobalSection
	GlobalSection(ExtensibilityGlobals) = postSolution
		SolutionGuid = {EDD10176-0E31-450F-8C5E-E05500F65E05}
	EndGlobalSection
EndGlobal
